# Generated by move; do not edit
# This file should be checked in.

[move]
version = 4

[pinned.mainnet.MoveStdlib]
source = { git = "https://github.com/MystenLabs/sui.git", subdir = "crates/sui-framework/packages/move-stdlib", rev = "d50b78880fdacb1bbde92e6974ed71a7650c1090" }
use_environment = "mainnet"
manifest_digest = "C4FE4C91DE74CBF223B2E380AE40F592177D21870DC2D7EB6227D2D694E05363"
deps = {}

[pinned.mainnet.Sui]
source = { git = "https://github.com/MystenLabs/sui.git", subdir = "crates/sui-framework/packages/sui-framework", rev = "d50b78880fdacb1bbde92e6974ed71a7650c1090" }
use_environment = "mainnet"
manifest_digest = "CD547CB1ACCE0880C835DAED2D8FFCB91D56C833AE5240D3AA5B918398263195"
deps = { MoveStdlib = "MoveStdlib" }

[pinned.mainnet.deepbook_predict]
source = { local = "../deepbook-sandbox/external/deepbook/packages/predict" }
use_environment = "mainnet"
manifest_digest = "E41BBD67BE8940D26C79D78B028477EF5B33BA217A1282C78ACB344CF8A5ECF6"
deps = { std = "MoveStdlib", sui = "Sui" }

[pinned.mainnet.yolev]
source = { root = true }
use_environment = "mainnet"
manifest_digest = "0422DD6DDBB18CF7D1364669EE816B3AE6D83A5B8B37C1B90B5B63689DEB26FF"
deps = { deepbook_predict = "deepbook_predict", std = "MoveStdlib", sui = "Sui" }

[pinned.testnet.MoveStdlib]
source = { git = "https://github.com/MystenLabs/sui.git", subdir = "crates/sui-framework/packages/move-stdlib", rev = "718ae563a42fb4ba0d055588f81c704dcef58c25" }
use_environment = "testnet"
manifest_digest = "C4FE4C91DE74CBF223B2E380AE40F592177D21870DC2D7EB6227D2D694E05363"
deps = {}

[pinned.testnet.Sui]
source = { git = "https://github.com/MystenLabs/sui.git", subdir = "crates/sui-framework/packages/sui-framework", rev = "718ae563a42fb4ba0d055588f81c704dcef58c25" }
use_environment = "testnet"
manifest_digest = "7AFB66695545775FBFBB2D3078ADFD084244D5002392E837FDE21D9EA1C6D01C"
deps = { MoveStdlib = "MoveStdlib" }

[pinned.testnet.deepbook]
source = { local = "../deepbook-sandbox/external/deepbook/packages/deepbook" }
use_environment = "testnet"
manifest_digest = "3101923B9428545A4F52FFAD1C4F959F9BFFF84CD09CE4BCC1CB831286999B5A"
deps = { std = "MoveStdlib", sui = "Sui", token = "token" }

[pinned.testnet.deepbook_predict]
source = { local = "../deepbook-sandbox/external/deepbook/packages/predict" }
use_environment = "testnet"
manifest_digest = "A81C4B20DFD70F7717C352CAEDCFF55ECC2D8ADF14590ACD328B67C26E88C321"
deps = { deepbook = "deepbook", std = "MoveStdlib", sui = "Sui" }

[pinned.testnet.token]
source = { git = "https://github.com/MystenLabs/deepbookv3.git", subdir = "packages/token", rev = "c44689d2a7732638f1c994e6ab2c473bd8138904" }
use_environment = "testnet"
manifest_digest = "5745706258F61D6CE210904B3E6AE87A73CE9D31A6F93BE4718C442529332A87"
deps = { std = "MoveStdlib", sui = "Sui" }

[pinned.testnet.yolev]
source = { root = true }
use_environment = "testnet"
manifest_digest = "0B4B1A590FB04D616A5DB0CC595099C294890EA9F8A36E64076048A3E2F0F438"
deps = { deepbook_predict = "deepbook_predict", std = "MoveStdlib", sui = "Sui" }
